
Microsoft Visual Studio Solution File, Format Version 12.00
# Visual Studio 14
VisualStudioVersion = 14.0.25420.1
MinimumVisualStudioVersion = 10.0.40219.1
Project("{FAE04EC0-301F-11D3-BF4B-00C04F79EFBC}") = "WPFClient", "WPFClient\WPFClient.csproj", "{0A993A97-EFC5-437A-B8F1-2CE1B0231925}"
EndProject
Project("{FAE04EC0-301F-11D3-BF4B-00C04F79EFBC}") = "Translations", "Translations\Translations.csproj", "{78BE8BBF-77D3-4528-B30D-9E3D087B15E0}"
EndProject
Project("{FAE04EC0-301F-11D3-BF4B-00C04F79EFBC}") = "Data", "Data\Data.csproj", "{CA7A009D-F315-4E34-A371-CAD706F2B335}"
EndProject
Project("{FAE04EC0-301F-11D3-BF4B-00C04F79EFBC}") = "DataTests", "DataTests\DataTests.csproj", "{66B81D5C-7AAD-4DE0-B3C4-A1AEB6E0FA97}"
EndProject
Project("{FAE04EC0-301F-11D3-BF4B-00C04F79EFBC}") = "WCFService", "WCFService\WCFService.csproj", "{C72EBCB0-67FC-4E63-A3EE-2098FB9B190C}"
EndProject
Global
	GlobalSection(SolutionConfigurationPlatforms) = preSolution
		Debug|Any CPU = Debug|Any CPU
		Release|Any CPU = Release|Any CPU
	EndGlobalSection
	GlobalSection(ProjectConfigurationPlatforms) = postSolution
		{0A993A97-EFC5-437A-B8F1-2CE1B0231925}.Debug|Any CPU.ActiveCfg = Debug|Any CPU
		{0A993A97-EFC5-437A-B8F1-2CE1B0231925}.Debug|Any CPU.Build.0 = Debug|Any CPU
		{0A993A97-EFC5-437A-B8F1-2CE1B0231925}.Release|Any CPU.ActiveCfg = Release|Any CPU
		{0A993A97-EFC5-437A-B8F1-2CE1B0231925}.Release|Any CPU.Build.0 = Release|Any CPU
		{78BE8BBF-77D3-4528-B30D-9E3D087B15E0}.Debug|Any CPU.ActiveCfg = Debug|Any CPU
		{78BE8BBF-77D3-4528-B30D-9E3D087B15E0}.Debug|Any CPU.Build.0 = Debug|Any CPU
		{78BE8BBF-77D3-4528-B30D-9E3D087B15E0}.Release|Any CPU.ActiveCfg = Release|Any CPU
		{78BE8BBF-77D3-4528-B30D-9E3D087B15E0}.Release|Any CPU.Build.0 = Release|Any CPU
		{CA7A009D-F315-4E34-A371-CAD706F2B335}.Debug|Any CPU.ActiveCfg = Debug|Any CPU
		{CA7A009D-F315-4E34-A371-CAD706F2B335}.Debug|Any CPU.Build.0 = Debug|Any CPU
		{CA7A009D-F315-4E34-A371-CAD706F2B335}.Release|Any CPU.ActiveCfg = Release|Any CPU
		{CA7A009D-F315-4E34-A371-CAD706F2B335}.Release|Any CPU.Build.0 = Release|Any CPU
		{66B81D5C-7AAD-4DE0-B3C4-A1AEB6E0FA97}.Debug|Any CPU.ActiveCfg = Debug|Any CPU
		{66B81D5C-7AAD-4DE0-B3C4-A1AEB6E0FA97}.Debug|Any CPU.Build.0 = Debug|Any CPU
		{66B81D5C-7AAD-4DE0-B3C4-A1AEB6E0FA97}.Release|Any CPU.ActiveCfg = Release|Any CPU
		{66B81D5C-7AAD-4DE0-B3C4-A1AEB6E0FA97}.Release|Any CPU.Build.0 = Release|Any CPU
		{C72EBCB0-67FC-4E63-A3EE-2098FB9B190C}.Debug|Any CPU.ActiveCfg = Debug|Any CPU
		{C72EBCB0-67FC-4E63-A3EE-2098FB9B190C}.Debug|Any CPU.Build.0 = Debug|Any CPU
		{C72EBCB0-67FC-4E63-A3EE-2098FB9B190C}.Release|Any CPU.ActiveCfg = Release|Any CPU
		{C72EBCB0-67FC-4E63-A3EE-2098FB9B190C}.Release|Any CPU.Build.0 = Release|Any CPU
	EndGlobalSection
	GlobalSection(SolutionProperties) = preSolution
		HideSolutionNode = FALSE
	EndGlobalSection
EndGlobal
